
Microsoft Visual Studio Solution File, Format Version 12.00
# Visual Studio 14
VisualStudioVersion = 14.0.25420.1
MinimumVisualStudioVersion = 10.0.40219.1
Project("{2150E333-8FDC-42A3-9474-1A3956D46DE8}") = "src", "src", "{EE6D3D80-34A4-42E0-A675-77467DE2C150}"
EndProject
Project("{2150E333-8FDC-42A3-9474-1A3956D46DE8}") = "Solution Items", "Solution Items", "{3DAA4DDF-AA1D-4491-8E77-9B0B783A22F2}"
	ProjectSection(SolutionItems) = preProject
		global.json = global.json
	EndProjectSection
EndProject
Project("{8BB2217D-0F2D-49D1-97BC-3654ED321F3B}") = "WebApplication2", "src\WebApplication2\WebApplication2.xproj", "{6620D380-4E0F-49FA-8C06-EB173E3714FF}"
EndProject
Global
	GlobalSection(SolutionConfigurationPlatforms) = preSolution
		Debug|Any CPU = Debug|Any CPU
		Release|Any CPU = Release|Any CPU
	EndGlobalSection
	GlobalSection(ProjectConfigurationPlatforms) = postSolution
		{6620D380-4E0F-49FA-8C06-EB173E3714FF}.Debug|Any CPU.ActiveCfg = Debug|Any CPU
		{6620D380-4E0F-49FA-8C06-EB173E3714FF}.Debug|Any CPU.Build.0 = Debug|Any CPU
		{6620D380-4E0F-49FA-8C06-EB173E3714FF}.Release|Any CPU.ActiveCfg = Release|Any CPU
		{6620D380-4E0F-49FA-8C06-EB173E3714FF}.Release|Any CPU.Build.0 = Release|Any CPU
	EndGlobalSection
	GlobalSection(SolutionProperties) = preSolution
		HideSolutionNode = FALSE
	EndGlobalSection
	GlobalSection(NestedProjects) = preSolution
		{6620D380-4E0F-49FA-8C06-EB173E3714FF} = {EE6D3D80-34A4-42E0-A675-77467DE2C150}
	EndGlobalSection
EndGlobal
